// !$*UTF8*$!
{
	archiveVersion = 1;
	classes = {
	};
	objectVersion = 50;
	objects = {

/* Begin PBXBuildFile section */
		E8BFA7FA23A025BC003983D8 /* AppDelegate.swift in Sources */ = {isa = PBXBuildFile; fileRef = E8BFA7F923A025BC003983D8 /* AppDelegate.swift */; };
		E8BFA7FC23A025BC003983D8 /* MainViewController.swift in Sources */ = {isa = PBXBuildFile; fileRef = E8BFA7FB23A025BC003983D8 /* MainViewController.swift */; };
		E8BFA7FF23A025BC003983D8 /* Main.storyboard in Resources */ = {isa = PBXBuildFile; fileRef = E8BFA7FD23A025BC003983D8 /* Main.storyboard */; };
		E8BFA80123A025BE003983D8 /* Assets.xcassets in Resources */ = {isa = PBXBuildFile; fileRef = E8BFA80023A025BE003983D8 /* Assets.xcassets */; };
		E8BFA80423A025BE003983D8 /* LaunchScreen.storyboard in Resources */ = {isa = PBXBuildFile; fileRef = E8BFA80223A025BE003983D8 /* LaunchScreen.storyboard */; };
		E8BFA80F23A025BE003983D8 /* ModelsTests.swift in Sources */ = {isa = PBXBuildFile; fileRef = E8BFA80E23A025BE003983D8 /* ModelsTests.swift */; };
		E8BFA81B23A02674003983D8 /* LocalisationManager.swift in Sources */ = {isa = PBXBuildFile; fileRef = E8BFA81A23A02674003983D8 /* LocalisationManager.swift */; };
		E8BFA89C23A033DB003983D8 /* ForbiddenAccessViewController.swift in Sources */ = {isa = PBXBuildFile; fileRef = E8BFA89B23A033DB003983D8 /* ForbiddenAccessViewController.swift */; };
		E8BFA89E23A0369C003983D8 /* AskAccessViewController.swift in Sources */ = {isa = PBXBuildFile; fileRef = E8BFA89D23A0369C003983D8 /* AskAccessViewController.swift */; };
		E8BFA8A223A03DEB003983D8 /* MainInteractor.swift in Sources */ = {isa = PBXBuildFile; fileRef = E8BFA8A123A03DEB003983D8 /* MainInteractor.swift */; };
		E8BFA8A423A0405E003983D8 /* DefaultMainInteractor.swift in Sources */ = {isa = PBXBuildFile; fileRef = E8BFA8A323A0405E003983D8 /* DefaultMainInteractor.swift */; };
		E8BFA8AA23A0540E003983D8 /* Default-568h@2x.png in Resources */ = {isa = PBXBuildFile; fileRef = E8BFA8A923A0540E003983D8 /* Default-568h@2x.png */; };
		E8BFA8AC23A05A9A003983D8 /* DetailViewController.swift in Sources */ = {isa = PBXBuildFile; fileRef = E8BFA8AB23A05A9A003983D8 /* DetailViewController.swift */; };
		E8BFA8AE23A05AB2003983D8 /* DetailInteractor.swift in Sources */ = {isa = PBXBuildFile; fileRef = E8BFA8AD23A05AB2003983D8 /* DetailInteractor.swift */; };
		E8BFA8B023A05AC3003983D8 /* DefaultDetailInteractor.swift in Sources */ = {isa = PBXBuildFile; fileRef = E8BFA8AF23A05AC3003983D8 /* DefaultDetailInteractor.swift */; };
		E8BFA8B323A1848A003983D8 /* WeatherRequest.swift in Sources */ = {isa = PBXBuildFile; fileRef = E8BFA8B223A1848A003983D8 /* WeatherRequest.swift */; };
		E8BFA8B523A18FA0003983D8 /* WeatherRequestMocked.json in Resources */ = {isa = PBXBuildFile; fileRef = E8BFA8B423A18FA0003983D8 /* WeatherRequestMocked.json */; };
		E8BFA8B723A1936D003983D8 /* ConvertRequestDatas.swift in Sources */ = {isa = PBXBuildFile; fileRef = E8BFA8B623A1936D003983D8 /* ConvertRequestDatas.swift */; };
		E8BFA8BA23A19DA2003983D8 /* MissingDatas.json in Resources */ = {isa = PBXBuildFile; fileRef = E8BFA8B923A19DA2003983D8 /* MissingDatas.json */; };
		E8BFA8BC23A19DC5003983D8 /* WrongValue.json in Resources */ = {isa = PBXBuildFile; fileRef = E8BFA8BB23A19DC5003983D8 /* WrongValue.json */; };
		E8BFA8BE23A19F97003983D8 /* ModelManager.swift in Sources */ = {isa = PBXBuildFile; fileRef = E8BFA8BD23A19F97003983D8 /* ModelManager.swift */; };
		E8BFA8C023A19FA6003983D8 /* RequestManager.swift in Sources */ = {isa = PBXBuildFile; fileRef = E8BFA8BF23A19FA6003983D8 /* RequestManager.swift */; };
		E8BFA8C323A1A4CD003983D8 /* MockedRequestManager.swift in Sources */ = {isa = PBXBuildFile; fileRef = E8BFA8C223A1A4CD003983D8 /* MockedRequestManager.swift */; };
		E8BFA8C523A1BA62003983D8 /* ModelManagerTests.swift in Sources */ = {isa = PBXBuildFile; fileRef = E8BFA8C423A1BA62003983D8 /* ModelManagerTests.swift */; };
		E8BFA8C723A1BD77003983D8 /* MockedListenerWeatherDatas.swift in Sources */ = {isa = PBXBuildFile; fileRef = E8BFA8C623A1BD77003983D8 /* MockedListenerWeatherDatas.swift */; };
		E8BFA8C923A1BD84003983D8 /* MockedListenerWeatherData.swift in Sources */ = {isa = PBXBuildFile; fileRef = E8BFA8C823A1BD84003983D8 /* MockedListenerWeatherData.swift */; };
/* End PBXBuildFile section */

/* Begin PBXContainerItemProxy section */
		E8BFA80B23A025BE003983D8 /* PBXContainerItemProxy */ = {
			isa = PBXContainerItemProxy;
			containerPortal = E8BFA7EE23A025BC003983D8 /* Project object */;
			proxyType = 1;
			remoteGlobalIDString = E8BFA7F523A025BC003983D8;
			remoteInfo = meteo_app;
		};
/* End PBXContainerItemProxy section */

/* Begin PBXFileReference section */
		E8BFA7F623A025BC003983D8 /* meteo_app.app */ = {isa = PBXFileReference; explicitFileType = wrapper.application; includeInIndex = 0; path = meteo_app.app; sourceTree = BUILT_PRODUCTS_DIR; };
		E8BFA7F923A025BC003983D8 /* AppDelegate.swift */ = {isa = PBXFileReference; lastKnownFileType = sourcecode.swift; path = AppDelegate.swift; sourceTree = "<group>"; };
		E8BFA7FB23A025BC003983D8 /* MainViewController.swift */ = {isa = PBXFileReference; lastKnownFileType = sourcecode.swift; path = MainViewController.swift; sourceTree = "<group>"; };
		E8BFA7FE23A025BC003983D8 /* Base */ = {isa = PBXFileReference; lastKnownFileType = file.storyboard; name = Base; path = Base.lproj/Main.storyboard; sourceTree = "<group>"; };
		E8BFA80023A025BE003983D8 /* Assets.xcassets */ = {isa = PBXFileReference; lastKnownFileType = folder.assetcatalog; path = Assets.xcassets; sourceTree = "<group>"; };
		E8BFA80323A025BE003983D8 /* Base */ = {isa = PBXFileReference; lastKnownFileType = file.storyboard; name = Base; path = Base.lproj/LaunchScreen.storyboard; sourceTree = "<group>"; };
		E8BFA80523A025BE003983D8 /* Info.plist */ = {isa = PBXFileReference; lastKnownFileType = text.plist.xml; path = Info.plist; sourceTree = "<group>"; };
		E8BFA80A23A025BE003983D8 /* meteo_appTests.xctest */ = {isa = PBXFileReference; explicitFileType = wrapper.cfbundle; includeInIndex = 0; path = meteo_appTests.xctest; sourceTree = BUILT_PRODUCTS_DIR; };
		E8BFA80E23A025BE003983D8 /* ModelsTests.swift */ = {isa = PBXFileReference; lastKnownFileType = sourcecode.swift; path = ModelsTests.swift; sourceTree = "<group>"; };
		E8BFA81023A025BF003983D8 /* Info.plist */ = {isa = PBXFileReference; lastKnownFileType = text.plist.xml; path = Info.plist; sourceTree = "<group>"; };
		E8BFA81A23A02674003983D8 /* LocalisationManager.swift */ = {isa = PBXFileReference; lastKnownFileType = sourcecode.swift; path = LocalisationManager.swift; sourceTree = "<group>"; };
		E8BFA89B23A033DB003983D8 /* ForbiddenAccessViewController.swift */ = {isa = PBXFileReference; lastKnownFileType = sourcecode.swift; path = ForbiddenAccessViewController.swift; sourceTree = "<group>"; };
		E8BFA89D23A0369C003983D8 /* AskAccessViewController.swift */ = {isa = PBXFileReference; lastKnownFileType = sourcecode.swift; path = AskAccessViewController.swift; sourceTree = "<group>"; };
		E8BFA8A123A03DEB003983D8 /* MainInteractor.swift */ = {isa = PBXFileReference; lastKnownFileType = sourcecode.swift; path = MainInteractor.swift; sourceTree = "<group>"; };
		E8BFA8A323A0405E003983D8 /* DefaultMainInteractor.swift */ = {isa = PBXFileReference; lastKnownFileType = sourcecode.swift; path = DefaultMainInteractor.swift; sourceTree = "<group>"; };
		E8BFA8A923A0540E003983D8 /* Default-568h@2x.png */ = {isa = PBXFileReference; lastKnownFileType = image.png; path = "Default-568h@2x.png"; sourceTree = "<group>"; };
		E8BFA8AB23A05A9A003983D8 /* DetailViewController.swift */ = {isa = PBXFileReference; lastKnownFileType = sourcecode.swift; path = DetailViewController.swift; sourceTree = "<group>"; };
		E8BFA8AD23A05AB2003983D8 /* DetailInteractor.swift */ = {isa = PBXFileReference; lastKnownFileType = sourcecode.swift; path = DetailInteractor.swift; sourceTree = "<group>"; };
		E8BFA8AF23A05AC3003983D8 /* DefaultDetailInteractor.swift */ = {isa = PBXFileReference; lastKnownFileType = sourcecode.swift; path = DefaultDetailInteractor.swift; sourceTree = "<group>"; };
		E8BFA8B223A1848A003983D8 /* WeatherRequest.swift */ = {isa = PBXFileReference; lastKnownFileType = sourcecode.swift; path = WeatherRequest.swift; sourceTree = "<group>"; };
		E8BFA8B423A18FA0003983D8 /* WeatherRequestMocked.json */ = {isa = PBXFileReference; lastKnownFileType = text.json; path = WeatherRequestMocked.json; sourceTree = "<group>"; };
		E8BFA8B623A1936D003983D8 /* ConvertRequestDatas.swift */ = {isa = PBXFileReference; lastKnownFileType = sourcecode.swift; path = ConvertRequestDatas.swift; sourceTree = "<group>"; };
		E8BFA8B923A19DA2003983D8 /* MissingDatas.json */ = {isa = PBXFileReference; lastKnownFileType = text.json; path = MissingDatas.json; sourceTree = "<group>"; };
		E8BFA8BB23A19DC5003983D8 /* WrongValue.json */ = {isa = PBXFileReference; lastKnownFileType = text.json; path = WrongValue.json; sourceTree = "<group>"; };
		E8BFA8BD23A19F97003983D8 /* ModelManager.swift */ = {isa = PBXFileReference; lastKnownFileType = sourcecode.swift; path = ModelManager.swift; sourceTree = "<group>"; };
		E8BFA8BF23A19FA6003983D8 /* RequestManager.swift */ = {isa = PBXFileReference; lastKnownFileType = sourcecode.swift; path = RequestManager.swift; sourceTree = "<group>"; };
		E8BFA8C223A1A4CD003983D8 /* MockedRequestManager.swift */ = {isa = PBXFileReference; lastKnownFileType = sourcecode.swift; path = MockedRequestManager.swift; sourceTree = "<group>"; };
		E8BFA8C423A1BA62003983D8 /* ModelManagerTests.swift */ = {isa = PBXFileReference; lastKnownFileType = sourcecode.swift; path = ModelManagerTests.swift; sourceTree = "<group>"; };
		E8BFA8C623A1BD77003983D8 /* MockedListenerWeatherDatas.swift */ = {isa = PBXFileReference; lastKnownFileType = sourcecode.swift; path = MockedListenerWeatherDatas.swift; sourceTree = "<group>"; };
		E8BFA8C823A1BD84003983D8 /* MockedListenerWeatherData.swift */ = {isa = PBXFileReference; lastKnownFileType = sourcecode.swift; path = MockedListenerWeatherData.swift; sourceTree = "<group>"; };
/* End PBXFileReference section */

/* Begin PBXFrameworksBuildPhase section */
		E8BFA7F323A025BC003983D8 /* Frameworks */ = {
			isa = PBXFrameworksBuildPhase;
			buildActionMask = 2147483647;
			files = (
			);
			runOnlyForDeploymentPostprocessing = 0;
		};
		E8BFA80723A025BE003983D8 /* Frameworks */ = {
			isa = PBXFrameworksBuildPhase;
			buildActionMask = 2147483647;
			files = (
			);
			runOnlyForDeploymentPostprocessing = 0;
		};
/* End PBXFrameworksBuildPhase section */

/* Begin PBXGroup section */
		E8BFA7ED23A025BC003983D8 = {
			isa = PBXGroup;
			children = (
				E8BFA7F823A025BC003983D8 /* meteo_app */,
				E8BFA80D23A025BE003983D8 /* meteo_appTests */,
				E8BFA7F723A025BC003983D8 /* Products */,
			);
			sourceTree = "<group>";
		};
		E8BFA7F723A025BC003983D8 /* Products */ = {
			isa = PBXGroup;
			children = (
				E8BFA7F623A025BC003983D8 /* meteo_app.app */,
				E8BFA80A23A025BE003983D8 /* meteo_appTests.xctest */,
			);
			name = Products;
			sourceTree = "<group>";
		};
		E8BFA7F823A025BC003983D8 /* meteo_app */ = {
			isa = PBXGroup;
			children = (
				E8BFA8B123A18477003983D8 /* Models */,
				E8BFA89723A02FCA003983D8 /* Ressources */,
				E8BFA89623A02FAB003983D8 /* Launch */,
				E8BFA81923A02654003983D8 /* LocalisationManager */,
				E8BFA89A23A03315003983D8 /* ViewControllers */,
			);
			path = meteo_app;
			sourceTree = "<group>";
		};
		E8BFA80D23A025BE003983D8 /* meteo_appTests */ = {
			isa = PBXGroup;
			children = (
				E8BFA8C123A1A4B2003983D8 /* MockedObjects */,
				E8BFA8B823A19D8B003983D8 /* Json */,
				E8BFA80E23A025BE003983D8 /* ModelsTests.swift */,
				E8BFA8C423A1BA62003983D8 /* ModelManagerTests.swift */,
				E8BFA81023A025BF003983D8 /* Info.plist */,
			);
			path = meteo_appTests;
			sourceTree = "<group>";
		};
		E8BFA81923A02654003983D8 /* LocalisationManager */ = {
			isa = PBXGroup;
			children = (
				E8BFA81A23A02674003983D8 /* LocalisationManager.swift */,
			);
			path = LocalisationManager;
			sourceTree = "<group>";
		};
		E8BFA89623A02FAB003983D8 /* Launch */ = {
			isa = PBXGroup;
			children = (
				E8BFA7F923A025BC003983D8 /* AppDelegate.swift */,
				E8BFA80223A025BE003983D8 /* LaunchScreen.storyboard */,
			);
			path = Launch;
			sourceTree = "<group>";
		};
		E8BFA89723A02FCA003983D8 /* Ressources */ = {
			isa = PBXGroup;
			children = (
				E8BFA8A923A0540E003983D8 /* Default-568h@2x.png */,
				E8BFA7FD23A025BC003983D8 /* Main.storyboard */,
				E8BFA80023A025BE003983D8 /* Assets.xcassets */,
				E8BFA80523A025BE003983D8 /* Info.plist */,
			);
			path = Ressources;
			sourceTree = "<group>";
		};
		E8BFA89923A03305003983D8 /* AccessLocalisation */ = {
			isa = PBXGroup;
			children = (
				E8BFA89B23A033DB003983D8 /* ForbiddenAccessViewController.swift */,
				E8BFA89D23A0369C003983D8 /* AskAccessViewController.swift */,
			);
			path = AccessLocalisation;
			sourceTree = "<group>";
		};
		E8BFA89A23A03315003983D8 /* ViewControllers */ = {
			isa = PBXGroup;
			children = (
				E8BFA8A023A039DC003983D8 /* Detail */,
				E8BFA89F23A039CF003983D8 /* Master */,
				E8BFA89923A03305003983D8 /* AccessLocalisation */,
			);
			path = ViewControllers;
			sourceTree = "<group>";
		};
		E8BFA89F23A039CF003983D8 /* Master */ = {
			isa = PBXGroup;
			children = (
				E8BFA7FB23A025BC003983D8 /* MainViewController.swift */,
				E8BFA8A123A03DEB003983D8 /* MainInteractor.swift */,
				E8BFA8A323A0405E003983D8 /* DefaultMainInteractor.swift */,
			);
			path = Master;
			sourceTree = "<group>";
		};
		E8BFA8A023A039DC003983D8 /* Detail */ = {
			isa = PBXGroup;
			children = (
				E8BFA8AB23A05A9A003983D8 /* DetailViewController.swift */,
				E8BFA8AD23A05AB2003983D8 /* DetailInteractor.swift */,
				E8BFA8AF23A05AC3003983D8 /* DefaultDetailInteractor.swift */,
			);
			path = Detail;
			sourceTree = "<group>";
		};
		E8BFA8B123A18477003983D8 /* Models */ = {
			isa = PBXGroup;
			children = (
				E8BFA8B223A1848A003983D8 /* WeatherRequest.swift */,
				E8BFA8B623A1936D003983D8 /* ConvertRequestDatas.swift */,
				E8BFA8BD23A19F97003983D8 /* ModelManager.swift */,
				E8BFA8BF23A19FA6003983D8 /* RequestManager.swift */,
			);
			path = Models;
			sourceTree = "<group>";
		};
		E8BFA8B823A19D8B003983D8 /* Json */ = {
			isa = PBXGroup;
			children = (
				E8BFA8B423A18FA0003983D8 /* WeatherRequestMocked.json */,
				E8BFA8B923A19DA2003983D8 /* MissingDatas.json */,
				E8BFA8BB23A19DC5003983D8 /* WrongValue.json */,
			);
			path = Json;
			sourceTree = "<group>";
		};
		E8BFA8C123A1A4B2003983D8 /* MockedObjects */ = {
			isa = PBXGroup;
			children = (
				E8BFA8C223A1A4CD003983D8 /* MockedRequestManager.swift */,
				E8BFA8C623A1BD77003983D8 /* MockedListenerWeatherDatas.swift */,
				E8BFA8C823A1BD84003983D8 /* MockedListenerWeatherData.swift */,
			);
			path = MockedObjects;
			sourceTree = "<group>";
		};
/* End PBXGroup section */

/* Begin PBXNativeTarget section */
		E8BFA7F523A025BC003983D8 /* meteo_app */ = {
			isa = PBXNativeTarget;
			buildConfigurationList = E8BFA81323A025BF003983D8 /* Build configuration list for PBXNativeTarget "meteo_app" */;
			buildPhases = (
				E8BFA7F223A025BC003983D8 /* Sources */,
				E8BFA7F323A025BC003983D8 /* Frameworks */,
				E8BFA7F423A025BC003983D8 /* Resources */,
			);
			buildRules = (
			);
			dependencies = (
			);
			name = meteo_app;
			productName = meteo_app;
			productReference = E8BFA7F623A025BC003983D8 /* meteo_app.app */;
			productType = "com.apple.product-type.application";
		};
		E8BFA80923A025BE003983D8 /* meteo_appTests */ = {
			isa = PBXNativeTarget;
			buildConfigurationList = E8BFA81623A025BF003983D8 /* Build configuration list for PBXNativeTarget "meteo_appTests" */;
			buildPhases = (
				E8BFA80623A025BE003983D8 /* Sources */,
				E8BFA80723A025BE003983D8 /* Frameworks */,
				E8BFA80823A025BE003983D8 /* Resources */,
			);
			buildRules = (
			);
			dependencies = (
				E8BFA80C23A025BE003983D8 /* PBXTargetDependency */,
			);
			name = meteo_appTests;
			productName = meteo_appTests;
			productReference = E8BFA80A23A025BE003983D8 /* meteo_appTests.xctest */;
			productType = "com.apple.product-type.bundle.unit-test";
		};
/* End PBXNativeTarget section */

/* Begin PBXProject section */
		E8BFA7EE23A025BC003983D8 /* Project object */ = {
			isa = PBXProject;
			attributes = {
				LastSwiftUpdateCheck = 1030;
				LastUpgradeCheck = 1030;
				ORGANIZATIONNAME = "Alexandre Jegouic";
				TargetAttributes = {
					E8BFA7F523A025BC003983D8 = {
						CreatedOnToolsVersion = 10.3;
					};
					E8BFA80923A025BE003983D8 = {
						CreatedOnToolsVersion = 10.3;
						TestTargetID = E8BFA7F523A025BC003983D8;
					};
				};
			};
			buildConfigurationList = E8BFA7F123A025BC003983D8 /* Build configuration list for PBXProject "meteo_app" */;
			compatibilityVersion = "Xcode 9.3";
			developmentRegion = en;
			hasScannedForEncodings = 0;
			knownRegions = (
				en,
				Base,
			);
			mainGroup = E8BFA7ED23A025BC003983D8;
			productRefGroup = E8BFA7F723A025BC003983D8 /* Products */;
			projectDirPath = "";
			projectRoot = "";
			targets = (
				E8BFA7F523A025BC003983D8 /* meteo_app */,
				E8BFA80923A025BE003983D8 /* meteo_appTests */,
			);
		};
/* End PBXProject section */

/* Begin PBXResourcesBuildPhase section */
		E8BFA7F423A025BC003983D8 /* Resources */ = {
			isa = PBXResourcesBuildPhase;
			buildActionMask = 2147483647;
			files = (
				E8BFA80423A025BE003983D8 /* LaunchScreen.storyboard in Resources */,
				E8BFA8AA23A0540E003983D8 /* Default-568h@2x.png in Resources */,
				E8BFA80123A025BE003983D8 /* Assets.xcassets in Resources */,
				E8BFA7FF23A025BC003983D8 /* Main.storyboard in Resources */,
			);
			runOnlyForDeploymentPostprocessing = 0;
		};
		E8BFA80823A025BE003983D8 /* Resources */ = {
			isa = PBXResourcesBuildPhase;
			buildActionMask = 2147483647;
			files = (
				E8BFA8B523A18FA0003983D8 /* WeatherRequestMocked.json in Resources */,
				E8BFA8BA23A19DA2003983D8 /* MissingDatas.json in Resources */,
				E8BFA8BC23A19DC5003983D8 /* WrongValue.json in Resources */,
			);
			runOnlyForDeploymentPostprocessing = 0;
		};
/* End PBXResourcesBuildPhase section */

/* Begin PBXSourcesBuildPhase section */
		E8BFA7F223A025BC003983D8 /* Sources */ = {
			isa = PBXSourcesBuildPhase;
			buildActionMask = 2147483647;
			files = (
				E8BFA89C23A033DB003983D8 /* ForbiddenAccessViewController.swift in Sources */,
				E8BFA8A423A0405E003983D8 /* DefaultMainInteractor.swift in Sources */,
				E8BFA89E23A0369C003983D8 /* AskAccessViewController.swift in Sources */,
				E8BFA8B023A05AC3003983D8 /* DefaultDetailInteractor.swift in Sources */,
				E8BFA8AE23A05AB2003983D8 /* DetailInteractor.swift in Sources */,
				E8BFA8B323A1848A003983D8 /* WeatherRequest.swift in Sources */,
				E8BFA81B23A02674003983D8 /* LocalisationManager.swift in Sources */,
				E8BFA8B723A1936D003983D8 /* ConvertRequestDatas.swift in Sources */,
				E8BFA8BE23A19F97003983D8 /* ModelManager.swift in Sources */,
				E8BFA7FC23A025BC003983D8 /* MainViewController.swift in Sources */,
				E8BFA8A223A03DEB003983D8 /* MainInteractor.swift in Sources */,
				E8BFA8C023A19FA6003983D8 /* RequestManager.swift in Sources */,
				E8BFA7FA23A025BC003983D8 /* AppDelegate.swift in Sources */,
				E8BFA8AC23A05A9A003983D8 /* DetailViewController.swift in Sources */,
			);
			runOnlyForDeploymentPostprocessing = 0;
		};
		E8BFA80623A025BE003983D8 /* Sources */ = {
			isa = PBXSourcesBuildPhase;
			buildActionMask = 2147483647;
			files = (
				E8BFA8C323A1A4CD003983D8 /* MockedRequestManager.swift in Sources */,
				E8BFA8C523A1BA62003983D8 /* ModelManagerTests.swift in Sources */,
				E8BFA8C723A1BD77003983D8 /* MockedListenerWeatherDatas.swift in Sources */,
				E8BFA8C923A1BD84003983D8 /* MockedListenerWeatherData.swift in Sources */,
				E8BFA80F23A025BE003983D8 /* ModelsTests.swift in Sources */,
			);
			runOnlyForDeploymentPostprocessing = 0;
		};
/* End PBXSourcesBuildPhase section */

/* Begin PBXTargetDependency section */
		E8BFA80C23A025BE003983D8 /* PBXTargetDependency */ = {
			isa = PBXTargetDependency;
			target = E8BFA7F523A025BC003983D8 /* meteo_app */;
			targetProxy = E8BFA80B23A025BE003983D8 /* PBXContainerItemProxy */;
		};
/* End PBXTargetDependency section */

/* Begin PBXVariantGroup section */
		E8BFA7FD23A025BC003983D8 /* Main.storyboard */ = {
			isa = PBXVariantGroup;
			children = (
				E8BFA7FE23A025BC003983D8 /* Base */,
			);
			name = Main.storyboard;
			sourceTree = "<group>";
		};
		E8BFA80223A025BE003983D8 /* LaunchScreen.storyboard */ = {
			isa = PBXVariantGroup;
			children = (
				E8BFA80323A025BE003983D8 /* Base */,
			);
			name = LaunchScreen.storyboard;
			sourceTree = "<group>";
		};
/* End PBXVariantGroup section */

/* Begin XCBuildConfiguration section */
		E8BFA81123A025BF003983D8 /* Debug */ = {
			isa = XCBuildConfiguration;
			buildSettings = {
				ALWAYS_SEARCH_USER_PATHS = NO;
				CLANG_ANALYZER_NONNULL = YES;
				CLANG_ANALYZER_NUMBER_OBJECT_CONVERSION = YES_AGGRESSIVE;
				CLANG_CXX_LANGUAGE_STANDARD = "gnu++14";
				CLANG_CXX_LIBRARY = "libc++";
				CLANG_ENABLE_MODULES = YES;
				CLANG_ENABLE_OBJC_ARC = YES;
				CLANG_ENABLE_OBJC_WEAK = YES;
				CLANG_WARN_BLOCK_CAPTURE_AUTORELEASING = YES;
				CLANG_WARN_BOOL_CONVERSION = YES;
				CLANG_WARN_COMMA = YES;
				CLANG_WARN_CONSTANT_CONVERSION = YES;
				CLANG_WARN_DEPRECATED_OBJC_IMPLEMENTATIONS = YES;
				CLANG_WARN_DIRECT_OBJC_ISA_USAGE = YES_ERROR;
				CLANG_WARN_DOCUMENTATION_COMMENTS = YES;
				CLANG_WARN_EMPTY_BODY = YES;
				CLANG_WARN_ENUM_CONVERSION = YES;
				CLANG_WARN_INFINITE_RECURSION = YES;
				CLANG_WARN_INT_CONVERSION = YES;
				CLANG_WARN_NON_LITERAL_NULL_CONVERSION = YES;
				CLANG_WARN_OBJC_IMPLICIT_RETAIN_SELF = YES;
				CLANG_WARN_OBJC_LITERAL_CONVERSION = YES;
				CLANG_WARN_OBJC_ROOT_CLASS = YES_ERROR;
				CLANG_WARN_RANGE_LOOP_ANALYSIS = YES;
				CLANG_WARN_STRICT_PROTOTYPES = YES;
				CLANG_WARN_SUSPICIOUS_MOVE = YES;
				CLANG_WARN_UNGUARDED_AVAILABILITY = YES_AGGRESSIVE;
				CLANG_WARN_UNREACHABLE_CODE = YES;
				CLANG_WARN__DUPLICATE_METHOD_MATCH = YES;
				CODE_SIGN_IDENTITY = "iPhone Developer";
				COPY_PHASE_STRIP = NO;
				DEBUG_INFORMATION_FORMAT = dwarf;
				ENABLE_STRICT_OBJC_MSGSEND = YES;
				ENABLE_TESTABILITY = YES;
				GCC_C_LANGUAGE_STANDARD = gnu11;
				GCC_DYNAMIC_NO_PIC = NO;
				GCC_NO_COMMON_BLOCKS = YES;
				GCC_OPTIMIZATION_LEVEL = 0;
				GCC_PREPROCESSOR_DEFINITIONS = (
					"DEBUG=1",
					"$(inherited)",
				);
				GCC_WARN_64_TO_32_BIT_CONVERSION = YES;
				GCC_WARN_ABOUT_RETURN_TYPE = YES_ERROR;
				GCC_WARN_UNDECLARED_SELECTOR = YES;
				GCC_WARN_UNINITIALIZED_AUTOS = YES_AGGRESSIVE;
				GCC_WARN_UNUSED_FUNCTION = YES;
				GCC_WARN_UNUSED_VARIABLE = YES;
				IPHONEOS_DEPLOYMENT_TARGET = 12.4;
				MTL_ENABLE_DEBUG_INFO = INCLUDE_SOURCE;
				MTL_FAST_MATH = YES;
				ONLY_ACTIVE_ARCH = YES;
				SDKROOT = iphoneos;
				SWIFT_ACTIVE_COMPILATION_CONDITIONS = DEBUG;
				SWIFT_OPTIMIZATION_LEVEL = "-Onone";
			};
			name = Debug;
		};
		E8BFA81223A025BF003983D8 /* Release */ = {
			isa = XCBuildConfiguration;
			buildSettings = {
				ALWAYS_SEARCH_USER_PATHS = NO;
				CLANG_ANALYZER_NONNULL = YES;
				CLANG_ANALYZER_NUMBER_OBJECT_CONVERSION = YES_AGGRESSIVE;
				CLANG_CXX_LANGUAGE_STANDARD = "gnu++14";
				CLANG_CXX_LIBRARY = "libc++";
				CLANG_ENABLE_MODULES = YES;
				CLANG_ENABLE_OBJC_ARC = YES;
				CLANG_ENABLE_OBJC_WEAK = YES;
				CLANG_WARN_BLOCK_CAPTURE_AUTORELEASING = YES;
				CLANG_WARN_BOOL_CONVERSION = YES;
				CLANG_WARN_COMMA = YES;
				CLANG_WARN_CONSTANT_CONVERSION = YES;
				CLANG_WARN_DEPRECATED_OBJC_IMPLEMENTATIONS = YES;
				CLANG_WARN_DIRECT_OBJC_ISA_USAGE = YES_ERROR;
				CLANG_WARN_DOCUMENTATION_COMMENTS = YES;
				CLANG_WARN_EMPTY_BODY = YES;
				CLANG_WARN_ENUM_CONVERSION = YES;
				CLANG_WARN_INFINITE_RECURSION = YES;
				CLANG_WARN_INT_CONVERSION = YES;
				CLANG_WARN_NON_LITERAL_NULL_CONVERSION = YES;
				CLANG_WARN_OBJC_IMPLICIT_RETAIN_SELF = YES;
				CLANG_WARN_OBJC_LITERAL_CONVERSION = YES;
				CLANG_WARN_OBJC_ROOT_CLASS = YES_ERROR;
				CLANG_WARN_RANGE_LOOP_ANALYSIS = YES;
				CLANG_WARN_STRICT_PROTOTYPES = YES;
				CLANG_WARN_SUSPICIOUS_MOVE = YES;
				CLANG_WARN_UNGUARDED_AVAILABILITY = YES_AGGRESSIVE;
				CLANG_WARN_UNREACHABLE_CODE = YES;
				CLANG_WARN__DUPLICATE_METHOD_MATCH = YES;
				CODE_SIGN_IDENTITY = "iPhone Developer";
				COPY_PHASE_STRIP = NO;
				DEBUG_INFORMATION_FORMAT = "dwarf-with-dsym";
				ENABLE_NS_ASSERTIONS = NO;
				ENABLE_STRICT_OBJC_MSGSEND = YES;
				GCC_C_LANGUAGE_STANDARD = gnu11;
				GCC_NO_COMMON_BLOCKS = YES;
				GCC_WARN_64_TO_32_BIT_CONVERSION = YES;
				GCC_WARN_ABOUT_RETURN_TYPE = YES_ERROR;
				GCC_WARN_UNDECLARED_SELECTOR = YES;
				GCC_WARN_UNINITIALIZED_AUTOS = YES_AGGRESSIVE;
				GCC_WARN_UNUSED_FUNCTION = YES;
				GCC_WARN_UNUSED_VARIABLE = YES;
				IPHONEOS_DEPLOYMENT_TARGET = 12.4;
				MTL_ENABLE_DEBUG_INFO = NO;
				MTL_FAST_MATH = YES;
				SDKROOT = iphoneos;
				SWIFT_COMPILATION_MODE = wholemodule;
				SWIFT_OPTIMIZATION_LEVEL = "-O";
				VALIDATE_PRODUCT = YES;
			};
			name = Release;
		};
		E8BFA81423A025BF003983D8 /* Debug */ = {
			isa = XCBuildConfiguration;
			buildSettings = {
				ASSETCATALOG_COMPILER_APPICON_NAME = AppIcon;
				CODE_SIGN_STYLE = Automatic;
				DEVELOPMENT_TEAM = 5R6QN6LV52;
				INFOPLIST_FILE = meteo_app/Ressources/Info.plist;
				LD_RUNPATH_SEARCH_PATHS = (
					"$(inherited)",
					"@executable_path/Frameworks",
				);
				PRODUCT_BUNDLE_IDENTIFIER = "Alexandre-Jegouic.meteo-app";
				PRODUCT_NAME = "$(TARGET_NAME)";
				SWIFT_VERSION = 5.0;
				TARGETED_DEVICE_FAMILY = "1,2";
			};
			name = Debug;
		};
		E8BFA81523A025BF003983D8 /* Release */ = {
			isa = XCBuildConfiguration;
			buildSettings = {
				ASSETCATALOG_COMPILER_APPICON_NAME = AppIcon;
				CODE_SIGN_STYLE = Automatic;
				DEVELOPMENT_TEAM = 5R6QN6LV52;
				INFOPLIST_FILE = meteo_app/Ressources/Info.plist;
				LD_RUNPATH_SEARCH_PATHS = (
					"$(inherited)",
					"@executable_path/Frameworks",
				);
				PRODUCT_BUNDLE_IDENTIFIER = "Alexandre-Jegouic.meteo-app";
				PRODUCT_NAME = "$(TARGET_NAME)";
				SWIFT_VERSION = 5.0;
				TARGETED_DEVICE_FAMILY = "1,2";
			};
			name = Release;
		};
		E8BFA81723A025BF003983D8 /* Debug */ = {
			isa = XCBuildConfiguration;
			buildSettings = {
				ALWAYS_EMBED_SWIFT_STANDARD_LIBRARIES = YES;
				BUNDLE_LOADER = "$(TEST_HOST)";
				CODE_SIGN_STYLE = Automatic;
				DEVELOPMENT_TEAM = 5R6QN6LV52;
				INFOPLIST_FILE = meteo_appTests/Info.plist;
				LD_RUNPATH_SEARCH_PATHS = (
					"$(inherited)",
					"@executable_path/Frameworks",
					"@loader_path/Frameworks",
				);
				PRODUCT_BUNDLE_IDENTIFIER = "Alexandre-Jegouic.meteo-appTests";
				PRODUCT_NAME = "$(TARGET_NAME)";
				SWIFT_VERSION = 5.0;
				TARGETED_DEVICE_FAMILY = "1,2";
				TEST_HOST = "$(BUILT_PRODUCTS_DIR)/meteo_app.app/meteo_app";
			};
			name = Debug;
		};
		E8BFA81823A025BF003983D8 /* Release */ = {
			isa = XCBuildConfiguration;
			buildSettings = {
				ALWAYS_EMBED_SWIFT_STANDARD_LIBRARIES = YES;
				BUNDLE_LOADER = "$(TEST_HOST)";
				CODE_SIGN_STYLE = Automatic;
				DEVELOPMENT_TEAM = 5R6QN6LV52;
				INFOPLIST_FILE = meteo_appTests/Info.plist;
				LD_RUNPATH_SEARCH_PATHS = (
					"$(inherited)",
					"@executable_path/Frameworks",
					"@loader_path/Frameworks",
				);
				PRODUCT_BUNDLE_IDENTIFIER = "Alexandre-Jegouic.meteo-appTests";
				PRODUCT_NAME = "$(TARGET_NAME)";
				SWIFT_VERSION = 5.0;
				TARGETED_DEVICE_FAMILY = "1,2";
				TEST_HOST = "$(BUILT_PRODUCTS_DIR)/meteo_app.app/meteo_app";
			};
			name = Release;
		};
/* End XCBuildConfiguration section */

/* Begin XCConfigurationList section */
		E8BFA7F123A025BC003983D8 /* Build configuration list for PBXProject "meteo_app" */ = {
			isa = XCConfigurationList;
			buildConfigurations = (
				E8BFA81123A025BF003983D8 /* Debug */,
				E8BFA81223A025BF003983D8 /* Release */,
			);
			defaultConfigurationIsVisible = 0;
			defaultConfigurationName = Release;
		};
		E8BFA81323A025BF003983D8 /* Build configuration list for PBXNativeTarget "meteo_app" */ = {
			isa = XCConfigurationList;
			buildConfigurations = (
				E8BFA81423A025BF003983D8 /* Debug */,
				E8BFA81523A025BF003983D8 /* Release */,
			);
			defaultConfigurationIsVisible = 0;
			defaultConfigurationName = Release;
		};
		E8BFA81623A025BF003983D8 /* Build configuration list for PBXNativeTarget "meteo_appTests" */ = {
			isa = XCConfigurationList;
			buildConfigurations = (
				E8BFA81723A025BF003983D8 /* Debug */,
				E8BFA81823A025BF003983D8 /* Release */,
			);
			defaultConfigurationIsVisible = 0;
			defaultConfigurationName = Release;
		};
/* End XCConfigurationList section */
	};
	rootObject = E8BFA7EE23A025BC003983D8 /* Project object */;
}
